// !$*UTF8*$!
{
	archiveVersion = 1;
	classes = {
	};
	objectVersion = 46;
	objects = {

/* Begin PBXBuildFile section */
		1DFFC8DF0F287A8D33C21A2C /* Pods_WeatherForecast.framework in Frameworks */ = {isa = PBXBuildFile; fileRef = F6A6E00C3F03F6A2B8659A5B /* Pods_WeatherForecast.framework */; };
		AA944F942479742300702256 /* MainVC.m in Sources */ = {isa = PBXBuildFile; fileRef = AA944F922479742300702256 /* MainVC.m */; };
		AA944F972479830400702256 /* AddCityVC.m in Sources */ = {isa = PBXBuildFile; fileRef = AA944F962479830400702256 /* AddCityVC.m */; };
		AA944F9A2479831C00702256 /* WeatherDetailVC.m in Sources */ = {isa = PBXBuildFile; fileRef = AA944F992479831C00702256 /* WeatherDetailVC.m */; };
		AA944FA12479839A00702256 /* CityCell.xib in Resources */ = {isa = PBXBuildFile; fileRef = AA944F9F2479839A00702256 /* CityCell.xib */; };
		AABF0CA8247EAEF7004AAB79 /* CitySwift.swift in Sources */ = {isa = PBXBuildFile; fileRef = AABF0CA7247EAEF7004AAB79 /* CitySwift.swift */; };
		AABF0CAA247EB87A004AAB79 /* CityCellSwift.swift in Sources */ = {isa = PBXBuildFile; fileRef = AABF0CA9247EB87A004AAB79 /* CityCellSwift.swift */; };
		AABF0CAC247EBB84004AAB79 /* WeatherDetailCellSwift.swift in Sources */ = {isa = PBXBuildFile; fileRef = AABF0CAB247EBB84004AAB79 /* WeatherDetailCellSwift.swift */; };
		AABF0CAE247EBE38004AAB79 /* UITextfieldExtensions.swift in Sources */ = {isa = PBXBuildFile; fileRef = AABF0CAD247EBE38004AAB79 /* UITextfieldExtensions.swift */; };
		AABF0CB0247ECBD5004AAB79 /* UIViewControllerExtensions.swift in Sources */ = {isa = PBXBuildFile; fileRef = AABF0CAF247ECBD5004AAB79 /* UIViewControllerExtensions.swift */; };
		AABF0CB2247ED101004AAB79 /* CityManagerSwift.swift in Sources */ = {isa = PBXBuildFile; fileRef = AABF0CB1247ED101004AAB79 /* CityManagerSwift.swift */; };
		AAC74CB3247AE02200B1B048 /* NetworkManager.m in Sources */ = {isa = PBXBuildFile; fileRef = AAC74CB2247AE02200B1B048 /* NetworkManager.m */; };
		AAC7715C247AEAFA001C0B45 /* WeatherDailyForecastResponseModel.m in Sources */ = {isa = PBXBuildFile; fileRef = AAC7715A247AEAFA001C0B45 /* WeatherDailyForecastResponseModel.m */; };
		AAC7715F247AEC26001C0B45 /* WeatherCityModel.m in Sources */ = {isa = PBXBuildFile; fileRef = AAC7715E247AEC26001C0B45 /* WeatherCityModel.m */; };
		AAC77162247AEC75001C0B45 /* WeatherCoordinateModel.m in Sources */ = {isa = PBXBuildFile; fileRef = AAC77161247AEC75001C0B45 /* WeatherCoordinateModel.m */; };
		AAC77165247AED44001C0B45 /* WeatherDailyForecastListModel.m in Sources */ = {isa = PBXBuildFile; fileRef = AAC77163247AED43001C0B45 /* WeatherDailyForecastListModel.m */; };
		AAC77168247AED7D001C0B45 /* WeatherTemperatureModel.m in Sources */ = {isa = PBXBuildFile; fileRef = AAC77166247AED7D001C0B45 /* WeatherTemperatureModel.m */; };
		AAC7716B247AEE14001C0B45 /* WeatherConditionModel.m in Sources */ = {isa = PBXBuildFile; fileRef = AAC7716A247AEE14001C0B45 /* WeatherConditionModel.m */; };
		AAC7716E247B30D1001C0B45 /* WeatherFeelsLikeModel.m in Sources */ = {isa = PBXBuildFile; fileRef = AAC7716D247B30D1001C0B45 /* WeatherFeelsLikeModel.m */; };
		AAC77173247B3421001C0B45 /* WeatherDetailCell.xib in Resources */ = {isa = PBXBuildFile; fileRef = AAC77171247B3421001C0B45 /* WeatherDetailCell.xib */; };
		AAC77176247B4A12001C0B45 /* TitleValueModel.m in Sources */ = {isa = PBXBuildFile; fileRef = AAC77175247B4A12001C0B45 /* TitleValueModel.m */; };
		E8E4ADCB1D259FF3003C6FFF /* main.m in Sources */ = {isa = PBXBuildFile; fileRef = E8E4ADCA1D259FF3003C6FFF /* main.m */; };
		E8E4ADCE1D259FF3003C6FFF /* AppDelegate.m in Sources */ = {isa = PBXBuildFile; fileRef = E8E4ADCD1D259FF3003C6FFF /* AppDelegate.m */; };
		E8E4ADD41D259FF3003C6FFF /* Main.storyboard in Resources */ = {isa = PBXBuildFile; fileRef = E8E4ADD21D259FF3003C6FFF /* Main.storyboard */; };
		E8E4ADD61D259FF3003C6FFF /* Assets.xcassets in Resources */ = {isa = PBXBuildFile; fileRef = E8E4ADD51D259FF3003C6FFF /* Assets.xcassets */; };
		E8E4ADD91D259FF3003C6FFF /* LaunchScreen.storyboard in Resources */ = {isa = PBXBuildFile; fileRef = E8E4ADD71D259FF3003C6FFF /* LaunchScreen.storyboard */; };
		E8E4ADE11D25A112003C6FFF /* ReadMe in Resources */ = {isa = PBXBuildFile; fileRef = E8E4ADE01D25A112003C6FFF /* ReadMe */; };
/* End PBXBuildFile section */

/* Begin PBXFileReference section */
		0A741A2AD6C9C9AE9980052D /* Pods-WeatherForecast.release.xcconfig */ = {isa = PBXFileReference; includeInIndex = 1; lastKnownFileType = text.xcconfig; name = "Pods-WeatherForecast.release.xcconfig"; path = "Target Support Files/Pods-WeatherForecast/Pods-WeatherForecast.release.xcconfig"; sourceTree = "<group>"; };
		AA944F922479742300702256 /* MainVC.m */ = {isa = PBXFileReference; fileEncoding = 4; lastKnownFileType = sourcecode.c.objc; path = MainVC.m; sourceTree = "<group>"; };
		AA944F932479742300702256 /* MainVC.h */ = {isa = PBXFileReference; fileEncoding = 4; lastKnownFileType = sourcecode.c.h; path = MainVC.h; sourceTree = "<group>"; };
		AA944F952479830400702256 /* AddCityVC.h */ = {isa = PBXFileReference; lastKnownFileType = sourcecode.c.h; path = AddCityVC.h; sourceTree = "<group>"; };
		AA944F962479830400702256 /* AddCityVC.m */ = {isa = PBXFileReference; lastKnownFileType = sourcecode.c.objc; path = AddCityVC.m; sourceTree = "<group>"; };
		AA944F982479831C00702256 /* WeatherDetailVC.h */ = {isa = PBXFileReference; lastKnownFileType = sourcecode.c.h; path = WeatherDetailVC.h; sourceTree = "<group>"; };
		AA944F992479831C00702256 /* WeatherDetailVC.m */ = {isa = PBXFileReference; lastKnownFileType = sourcecode.c.objc; path = WeatherDetailVC.m; sourceTree = "<group>"; };
		AA944F9F2479839A00702256 /* CityCell.xib */ = {isa = PBXFileReference; lastKnownFileType = file.xib; path = CityCell.xib; sourceTree = "<group>"; };
		AABF0CA6247EAEF7004AAB79 /* WeatherForecast-Bridging-Header.h */ = {isa = PBXFileReference; lastKnownFileType = sourcecode.c.h; path = "WeatherForecast-Bridging-Header.h"; sourceTree = "<group>"; };
		AABF0CA7247EAEF7004AAB79 /* CitySwift.swift */ = {isa = PBXFileReference; lastKnownFileType = sourcecode.swift; path = CitySwift.swift; sourceTree = "<group>"; };
		AABF0CA9247EB87A004AAB79 /* CityCellSwift.swift */ = {isa = PBXFileReference; lastKnownFileType = sourcecode.swift; path = CityCellSwift.swift; sourceTree = "<group>"; };
		AABF0CAB247EBB84004AAB79 /* WeatherDetailCellSwift.swift */ = {isa = PBXFileReference; lastKnownFileType = sourcecode.swift; path = WeatherDetailCellSwift.swift; sourceTree = "<group>"; };
		AABF0CAD247EBE38004AAB79 /* UITextfieldExtensions.swift */ = {isa = PBXFileReference; lastKnownFileType = sourcecode.swift; path = UITextfieldExtensions.swift; sourceTree = "<group>"; };
		AABF0CAF247ECBD5004AAB79 /* UIViewControllerExtensions.swift */ = {isa = PBXFileReference; lastKnownFileType = sourcecode.swift; path = UIViewControllerExtensions.swift; sourceTree = "<group>"; };
		AABF0CB1247ED101004AAB79 /* CityManagerSwift.swift */ = {isa = PBXFileReference; lastKnownFileType = sourcecode.swift; path = CityManagerSwift.swift; sourceTree = "<group>"; };
		AAC74CB1247AE02200B1B048 /* NetworkManager.h */ = {isa = PBXFileReference; lastKnownFileType = sourcecode.c.h; path = NetworkManager.h; sourceTree = "<group>"; };
		AAC74CB2247AE02200B1B048 /* NetworkManager.m */ = {isa = PBXFileReference; lastKnownFileType = sourcecode.c.objc; path = NetworkManager.m; sourceTree = "<group>"; };
		AAC7715A247AEAFA001C0B45 /* WeatherDailyForecastResponseModel.m */ = {isa = PBXFileReference; fileEncoding = 4; lastKnownFileType = sourcecode.c.objc; path = WeatherDailyForecastResponseModel.m; sourceTree = "<group>"; };
		AAC7715B247AEAFA001C0B45 /* WeatherDailyForecastResponseModel.h */ = {isa = PBXFileReference; fileEncoding = 4; lastKnownFileType = sourcecode.c.h; path = WeatherDailyForecastResponseModel.h; sourceTree = "<group>"; };
		AAC7715D247AEC26001C0B45 /* WeatherCityModel.h */ = {isa = PBXFileReference; fileEncoding = 4; lastKnownFileType = sourcecode.c.h; path = WeatherCityModel.h; sourceTree = "<group>"; };
		AAC7715E247AEC26001C0B45 /* WeatherCityModel.m */ = {isa = PBXFileReference; fileEncoding = 4; lastKnownFileType = sourcecode.c.objc; path = WeatherCityModel.m; sourceTree = "<group>"; };
		AAC77160247AEC75001C0B45 /* WeatherCoordinateModel.h */ = {isa = PBXFileReference; fileEncoding = 4; lastKnownFileType = sourcecode.c.h; path = WeatherCoordinateModel.h; sourceTree = "<group>"; };
		AAC77161247AEC75001C0B45 /* WeatherCoordinateModel.m */ = {isa = PBXFileReference; fileEncoding = 4; lastKnownFileType = sourcecode.c.objc; path = WeatherCoordinateModel.m; sourceTree = "<group>"; };
		AAC77163247AED43001C0B45 /* WeatherDailyForecastListModel.m */ = {isa = PBXFileReference; fileEncoding = 4; lastKnownFileType = sourcecode.c.objc; path = WeatherDailyForecastListModel.m; sourceTree = "<group>"; };
		AAC77164247AED44001C0B45 /* WeatherDailyForecastListModel.h */ = {isa = PBXFileReference; fileEncoding = 4; lastKnownFileType = sourcecode.c.h; path = WeatherDailyForecastListModel.h; sourceTree = "<group>"; };
		AAC77166247AED7D001C0B45 /* WeatherTemperatureModel.m */ = {isa = PBXFileReference; fileEncoding = 4; lastKnownFileType = sourcecode.c.objc; path = WeatherTemperatureModel.m; sourceTree = "<group>"; };
		AAC77167247AED7D001C0B45 /* WeatherTemperatureModel.h */ = {isa = PBXFileReference; fileEncoding = 4; lastKnownFileType = sourcecode.c.h; path = WeatherTemperatureModel.h; sourceTree = "<group>"; };
		AAC77169247AEE13001C0B45 /* WeatherConditionModel.h */ = {isa = PBXFileReference; fileEncoding = 4; lastKnownFileType = sourcecode.c.h; path = WeatherConditionModel.h; sourceTree = "<group>"; };
		AAC7716A247AEE14001C0B45 /* WeatherConditionModel.m */ = {isa = PBXFileReference; fileEncoding = 4; lastKnownFileType = sourcecode.c.objc; path = WeatherConditionModel.m; sourceTree = "<group>"; };
		AAC7716C247B30D1001C0B45 /* WeatherFeelsLikeModel.h */ = {isa = PBXFileReference; fileEncoding = 4; lastKnownFileType = sourcecode.c.h; path = WeatherFeelsLikeModel.h; sourceTree = "<group>"; };
		AAC7716D247B30D1001C0B45 /* WeatherFeelsLikeModel.m */ = {isa = PBXFileReference; fileEncoding = 4; lastKnownFileType = sourcecode.c.objc; path = WeatherFeelsLikeModel.m; sourceTree = "<group>"; };
		AAC77171247B3421001C0B45 /* WeatherDetailCell.xib */ = {isa = PBXFileReference; lastKnownFileType = file.xib; path = WeatherDetailCell.xib; sourceTree = "<group>"; };
		AAC77174247B4A12001C0B45 /* TitleValueModel.h */ = {isa = PBXFileReference; lastKnownFileType = sourcecode.c.h; path = TitleValueModel.h; sourceTree = "<group>"; };
		AAC77175247B4A12001C0B45 /* TitleValueModel.m */ = {isa = PBXFileReference; lastKnownFileType = sourcecode.c.objc; path = TitleValueModel.m; sourceTree = "<group>"; };
		E8E4ADC61D259FF3003C6FFF /* WeatherForecast.app */ = {isa = PBXFileReference; explicitFileType = wrapper.application; includeInIndex = 0; path = WeatherForecast.app; sourceTree = BUILT_PRODUCTS_DIR; };
		E8E4ADCA1D259FF3003C6FFF /* main.m */ = {isa = PBXFileReference; lastKnownFileType = sourcecode.c.objc; path = main.m; sourceTree = "<group>"; };
		E8E4ADCC1D259FF3003C6FFF /* AppDelegate.h */ = {isa = PBXFileReference; lastKnownFileType = sourcecode.c.h; path = AppDelegate.h; sourceTree = "<group>"; };
		E8E4ADCD1D259FF3003C6FFF /* AppDelegate.m */ = {isa = PBXFileReference; lastKnownFileType = sourcecode.c.objc; path = AppDelegate.m; sourceTree = "<group>"; };
		E8E4ADD31D259FF3003C6FFF /* Base */ = {isa = PBXFileReference; lastKnownFileType = file.storyboard; name = Base; path = Base.lproj/Main.storyboard; sourceTree = "<group>"; };
		E8E4ADD51D259FF3003C6FFF /* Assets.xcassets */ = {isa = PBXFileReference; lastKnownFileType = folder.assetcatalog; path = Assets.xcassets; sourceTree = "<group>"; };
		E8E4ADD81D259FF3003C6FFF /* Base */ = {isa = PBXFileReference; lastKnownFileType = file.storyboard; name = Base; path = Base.lproj/LaunchScreen.storyboard; sourceTree = "<group>"; };
		E8E4ADDA1D259FF3003C6FFF /* Info.plist */ = {isa = PBXFileReference; lastKnownFileType = text.plist.xml; path = Info.plist; sourceTree = "<group>"; };
		E8E4ADE01D25A112003C6FFF /* ReadMe */ = {isa = PBXFileReference; fileEncoding = 4; lastKnownFileType = text; path = ReadMe; sourceTree = "<group>"; };
		F6894BB5C6257A9B1B41089C /* Pods-WeatherForecast.debug.xcconfig */ = {isa = PBXFileReference; includeInIndex = 1; lastKnownFileType = text.xcconfig; name = "Pods-WeatherForecast.debug.xcconfig"; path = "Target Support Files/Pods-WeatherForecast/Pods-WeatherForecast.debug.xcconfig"; sourceTree = "<group>"; };
		F6A6E00C3F03F6A2B8659A5B /* Pods_WeatherForecast.framework */ = {isa = PBXFileReference; explicitFileType = wrapper.framework; includeInIndex = 0; path = Pods_WeatherForecast.framework; sourceTree = BUILT_PRODUCTS_DIR; };
/* End PBXFileReference section */

/* Begin PBXFrameworksBuildPhase section */
		E8E4ADC31D259FF3003C6FFF /* Frameworks */ = {
			isa = PBXFrameworksBuildPhase;
			buildActionMask = 2147483647;
			files = (
				1DFFC8DF0F287A8D33C21A2C /* Pods_WeatherForecast.framework in Frameworks */,
			);
			runOnlyForDeploymentPostprocessing = 0;
		};
/* End PBXFrameworksBuildPhase section */

/* Begin PBXGroup section */
		2EB5AB330F3CB0DB4CDC362B /* Pods */ = {
			isa = PBXGroup;
			children = (
				F6894BB5C6257A9B1B41089C /* Pods-WeatherForecast.debug.xcconfig */,
				0A741A2AD6C9C9AE9980052D /* Pods-WeatherForecast.release.xcconfig */,
			);
			path = Pods;
			sourceTree = "<group>";
		};
		AA944F912479742300702256 /* ViewControllers */ = {
			isa = PBXGroup;
			children = (
				AA944F932479742300702256 /* MainVC.h */,
				AA944F922479742300702256 /* MainVC.m */,
				AA944F952479830400702256 /* AddCityVC.h */,
				AA944F962479830400702256 /* AddCityVC.m */,
				AA944F982479831C00702256 /* WeatherDetailVC.h */,
				AA944F992479831C00702256 /* WeatherDetailVC.m */,
			);
			path = ViewControllers;
			sourceTree = "<group>";
		};
		AA944F9C2479835F00702256 /* Cells */ = {
			isa = PBXGroup;
			children = (
				AABF0CA9247EB87A004AAB79 /* CityCellSwift.swift */,
				AA944F9F2479839A00702256 /* CityCell.xib */,
				AABF0CAB247EBB84004AAB79 /* WeatherDetailCellSwift.swift */,
				AAC77171247B3421001C0B45 /* WeatherDetailCell.xib */,
			);
			path = Cells;
			sourceTree = "<group>";
		};
		AA944FA224798FA100702256 /* Models */ = {
			isa = PBXGroup;
			children = (
				AAC7715B247AEAFA001C0B45 /* WeatherDailyForecastResponseModel.h */,
				AAC7715A247AEAFA001C0B45 /* WeatherDailyForecastResponseModel.m */,
				AAC7715D247AEC26001C0B45 /* WeatherCityModel.h */,
				AAC7715E247AEC26001C0B45 /* WeatherCityModel.m */,
				AAC77160247AEC75001C0B45 /* WeatherCoordinateModel.h */,
				AAC77161247AEC75001C0B45 /* WeatherCoordinateModel.m */,
				AAC77164247AED44001C0B45 /* WeatherDailyForecastListModel.h */,
				AAC77163247AED43001C0B45 /* WeatherDailyForecastListModel.m */,
				AAC77167247AED7D001C0B45 /* WeatherTemperatureModel.h */,
				AAC77166247AED7D001C0B45 /* WeatherTemperatureModel.m */,
				AAC7716C247B30D1001C0B45 /* WeatherFeelsLikeModel.h */,
				AAC7716D247B30D1001C0B45 /* WeatherFeelsLikeModel.m */,
				AAC77169247AEE13001C0B45 /* WeatherConditionModel.h */,
				AAC7716A247AEE14001C0B45 /* WeatherConditionModel.m */,
				AAC77174247B4A12001C0B45 /* TitleValueModel.h */,
				AAC77175247B4A12001C0B45 /* TitleValueModel.m */,
				AABF0CA7247EAEF7004AAB79 /* CitySwift.swift */,
				AABF0CA6247EAEF7004AAB79 /* WeatherForecast-Bridging-Header.h */,
			);
			path = Models;
			sourceTree = "<group>";
		};
		AA944FA6247A84C900702256 /* Managers */ = {
			isa = PBXGroup;
			children = (
				AAC74CB1247AE02200B1B048 /* NetworkManager.h */,
				AAC74CB2247AE02200B1B048 /* NetworkManager.m */,
				AABF0CB1247ED101004AAB79 /* CityManagerSwift.swift */,
			);
			path = Managers;
			sourceTree = "<group>";
		};
		AAC74CAA247AC01B00B1B048 /* Helpers */ = {
			isa = PBXGroup;
			children = (
				AABF0CAD247EBE38004AAB79 /* UITextfieldExtensions.swift */,
				AABF0CAF247ECBD5004AAB79 /* UIViewControllerExtensions.swift */,
			);
			path = Helpers;
			sourceTree = "<group>";
		};
		BB20474CF33485A4D87617DC /* Frameworks */ = {
			isa = PBXGroup;
			children = (
				F6A6E00C3F03F6A2B8659A5B /* Pods_WeatherForecast.framework */,
			);
			name = Frameworks;
			sourceTree = "<group>";
		};
		E8E4ADBD1D259FF3003C6FFF = {
			isa = PBXGroup;
			children = (
				E8E4ADC81D259FF3003C6FFF /* WeatherForecast */,
				E8E4ADC71D259FF3003C6FFF /* Products */,
				2EB5AB330F3CB0DB4CDC362B /* Pods */,
				BB20474CF33485A4D87617DC /* Frameworks */,
			);
			sourceTree = "<group>";
		};
		E8E4ADC71D259FF3003C6FFF /* Products */ = {
			isa = PBXGroup;
			children = (
				E8E4ADC61D259FF3003C6FFF /* WeatherForecast.app */,
			);
			name = Products;
			sourceTree = "<group>";
		};
		E8E4ADC81D259FF3003C6FFF /* WeatherForecast */ = {
			isa = PBXGroup;
			children = (
				E8E4ADE01D25A112003C6FFF /* ReadMe */,
				E8E4ADCC1D259FF3003C6FFF /* AppDelegate.h */,
				E8E4ADCD1D259FF3003C6FFF /* AppDelegate.m */,
				AA944F912479742300702256 /* ViewControllers */,
				AA944F9C2479835F00702256 /* Cells */,
				AA944FA224798FA100702256 /* Models */,
				AA944FA6247A84C900702256 /* Managers */,
				AAC74CAA247AC01B00B1B048 /* Helpers */,
				E8E4ADD21D259FF3003C6FFF /* Main.storyboard */,
				E8E4ADD51D259FF3003C6FFF /* Assets.xcassets */,
				E8E4ADD71D259FF3003C6FFF /* LaunchScreen.storyboard */,
				E8E4ADDA1D259FF3003C6FFF /* Info.plist */,
				E8E4ADC91D259FF3003C6FFF /* Supporting Files */,
			);
			path = WeatherForecast;
			sourceTree = "<group>";
		};
		E8E4ADC91D259FF3003C6FFF /* Supporting Files */ = {
			isa = PBXGroup;
			children = (
				E8E4ADCA1D259FF3003C6FFF /* main.m */,
			);
			name = "Supporting Files";
			sourceTree = "<group>";
		};
/* End PBXGroup section */

/* Begin PBXNativeTarget section */
		E8E4ADC51D259FF3003C6FFF /* WeatherForecast */ = {
			isa = PBXNativeTarget;
			buildConfigurationList = E8E4ADDD1D259FF3003C6FFF /* Build configuration list for PBXNativeTarget "WeatherForecast" */;
			buildPhases = (
				2888790977611A40DE178B6B /* [CP] Check Pods Manifest.lock */,
				E8E4ADC21D259FF3003C6FFF /* Sources */,
				E8E4ADC31D259FF3003C6FFF /* Frameworks */,
				E8E4ADC41D259FF3003C6FFF /* Resources */,
				14F2D971FF7C641FEA45DAAA /* [CP] Embed Pods Frameworks */,
			);
			buildRules = (
			);
			dependencies = (
			);
			name = WeatherForecast;
			productName = WeatherForecast;
			productReference = E8E4ADC61D259FF3003C6FFF /* WeatherForecast.app */;
			productType = "com.apple.product-type.application";
		};
/* End PBXNativeTarget section */

/* Begin PBXProject section */
		E8E4ADBE1D259FF3003C6FFF /* Project object */ = {
			isa = PBXProject;
			attributes = {
				LastUpgradeCheck = 0730;
				ORGANIZATIONNAME = N11.com;
				TargetAttributes = {
					E8E4ADC51D259FF3003C6FFF = {
						CreatedOnToolsVersion = 7.3.1;
						DevelopmentTeam = D9K6M3C9CG;
						LastSwiftMigration = 1150;
					};
				};
			};
			buildConfigurationList = E8E4ADC11D259FF3003C6FFF /* Build configuration list for PBXProject "WeatherForecast" */;
			compatibilityVersion = "Xcode 3.2";
			developmentRegion = English;
			hasScannedForEncodings = 0;
			knownRegions = (
				English,
				en,
				Base,
			);
			mainGroup = E8E4ADBD1D259FF3003C6FFF;
			productRefGroup = E8E4ADC71D259FF3003C6FFF /* Products */;
			projectDirPath = "";
			projectRoot = "";
			targets = (
				E8E4ADC51D259FF3003C6FFF /* WeatherForecast */,
			);
		};
/* End PBXProject section */

/* Begin PBXResourcesBuildPhase section */
		E8E4ADC41D259FF3003C6FFF /* Resources */ = {
			isa = PBXResourcesBuildPhase;
			buildActionMask = 2147483647;
			files = (
				E8E4ADE11D25A112003C6FFF /* ReadMe in Resources */,
				AA944FA12479839A00702256 /* CityCell.xib in Resources */,
				E8E4ADD91D259FF3003C6FFF /* LaunchScreen.storyboard in Resources */,
				AAC77173247B3421001C0B45 /* WeatherDetailCell.xib in Resources */,
				E8E4ADD61D259FF3003C6FFF /* Assets.xcassets in Resources */,
				E8E4ADD41D259FF3003C6FFF /* Main.storyboard in Resources */,
			);
			runOnlyForDeploymentPostprocessing = 0;
		};
/* End PBXResourcesBuildPhase section */

/* Begin PBXShellScriptBuildPhase section */
		14F2D971FF7C641FEA45DAAA /* [CP] Embed Pods Frameworks */ = {
			isa = PBXShellScriptBuildPhase;
			buildActionMask = 2147483647;
			files = (
			);
			inputPaths = (
				"${PODS_ROOT}/Target Support Files/Pods-WeatherForecast/Pods-WeatherForecast-frameworks.sh",
				"${BUILT_PRODUCTS_DIR}/AFNetworking/AFNetworking.framework",
				"${BUILT_PRODUCTS_DIR}/JSONModel/JSONModel.framework",
			);
			name = "[CP] Embed Pods Frameworks";
			outputPaths = (
				"${TARGET_BUILD_DIR}/${FRAMEWORKS_FOLDER_PATH}/AFNetworking.framework",
				"${TARGET_BUILD_DIR}/${FRAMEWORKS_FOLDER_PATH}/JSONModel.framework",
			);
			runOnlyForDeploymentPostprocessing = 0;
			shellPath = /bin/sh;
			shellScript = "\"${PODS_ROOT}/Target Support Files/Pods-WeatherForecast/Pods-WeatherForecast-frameworks.sh\"\n";
			showEnvVarsInLog = 0;
		};
		2888790977611A40DE178B6B /* [CP] Check Pods Manifest.lock */ = {
			isa = PBXShellScriptBuildPhase;
			buildActionMask = 2147483647;
			files = (
			);
			inputFileListPaths = (
			);
			inputPaths = (
				"${PODS_PODFILE_DIR_PATH}/Podfile.lock",
				"${PODS_ROOT}/Manifest.lock",
			);
			name = "[CP] Check Pods Manifest.lock";
			outputFileListPaths = (
			);
			outputPaths = (
				"$(DERIVED_FILE_DIR)/Pods-WeatherForecast-checkManifestLockResult.txt",
			);
			runOnlyForDeploymentPostprocessing = 0;
			shellPath = /bin/sh;
			shellScript = "diff \"${PODS_PODFILE_DIR_PATH}/Podfile.lock\" \"${PODS_ROOT}/Manifest.lock\" > /dev/null\nif [ $? != 0 ] ; then\n    # print error to STDERR\n    echo \"error: The sandbox is not in sync with the Podfile.lock. Run 'pod install' or update your CocoaPods installation.\" >&2\n    exit 1\nfi\n# This output is used by Xcode 'outputs' to avoid re-running this script phase.\necho \"SUCCESS\" > \"${SCRIPT_OUTPUT_FILE_0}\"\n";
			showEnvVarsInLog = 0;
		};
/* End PBXShellScriptBuildPhase section */

/* Begin PBXSourcesBuildPhase section */
		E8E4ADC21D259FF3003C6FFF /* Sources */ = {
			isa = PBXSourcesBuildPhase;
			buildActionMask = 2147483647;
			files = (
				AABF0CAE247EBE38004AAB79 /* UITextfieldExtensions.swift in Sources */,
				AAC7715C247AEAFA001C0B45 /* WeatherDailyForecastResponseModel.m in Sources */,
				AAC7716B247AEE14001C0B45 /* WeatherConditionModel.m in Sources */,
				AAC77165247AED44001C0B45 /* WeatherDailyForecastListModel.m in Sources */,
				AA944F942479742300702256 /* MainVC.m in Sources */,
				AABF0CAA247EB87A004AAB79 /* CityCellSwift.swift in Sources */,
				AABF0CB2247ED101004AAB79 /* CityManagerSwift.swift in Sources */,
				AA944F9A2479831C00702256 /* WeatherDetailVC.m in Sources */,
				AAC74CB3247AE02200B1B048 /* NetworkManager.m in Sources */,
				AABF0CAC247EBB84004AAB79 /* WeatherDetailCellSwift.swift in Sources */,
				AAC77168247AED7D001C0B45 /* WeatherTemperatureModel.m in Sources */,
				AA944F972479830400702256 /* AddCityVC.m in Sources */,
				E8E4ADCE1D259FF3003C6FFF /* AppDelegate.m in Sources */,
				AABF0CB0247ECBD5004AAB79 /* UIViewControllerExtensions.swift in Sources */,
				AAC7716E247B30D1001C0B45 /* WeatherFeelsLikeModel.m in Sources */,
				AAC7715F247AEC26001C0B45 /* WeatherCityModel.m in Sources */,
				AABF0CA8247EAEF7004AAB79 /* CitySwift.swift in Sources */,
				AAC77162247AEC75001C0B45 /* WeatherCoordinateModel.m in Sources */,
				AAC77176247B4A12001C0B45 /* TitleValueModel.m in Sources */,
				E8E4ADCB1D259FF3003C6FFF /* main.m in Sources */,
			);
			runOnlyForDeploymentPostprocessing = 0;
		};
/* End PBXSourcesBuildPhase section */

/* Begin PBXVariantGroup section */
		E8E4ADD21D259FF3003C6FFF /* Main.storyboard */ = {
			isa = PBXVariantGroup;
			children = (
				E8E4ADD31D259FF3003C6FFF /* Base */,
			);
			name = Main.storyboard;
			sourceTree = "<group>";
		};
		E8E4ADD71D259FF3003C6FFF /* LaunchScreen.storyboard */ = {
			isa = PBXVariantGroup;
			children = (
				E8E4ADD81D259FF3003C6FFF /* Base */,
			);
			name = LaunchScreen.storyboard;
			sourceTree = "<group>";
		};
/* End PBXVariantGroup section */

/* Begin XCBuildConfiguration section */
		E8E4ADDB1D259FF3003C6FFF /* Debug */ = {
			isa = XCBuildConfiguration;
			buildSettings = {
				ALWAYS_SEARCH_USER_PATHS = NO;
				CLANG_ANALYZER_NONNULL = YES;
				CLANG_CXX_LANGUAGE_STANDARD = "gnu++0x";
				CLANG_CXX_LIBRARY = "libc++";
				CLANG_ENABLE_MODULES = YES;
				CLANG_ENABLE_OBJC_ARC = YES;
				CLANG_WARN_BOOL_CONVERSION = YES;
				CLANG_WARN_CONSTANT_CONVERSION = YES;
				CLANG_WARN_DIRECT_OBJC_ISA_USAGE = YES_ERROR;
				CLANG_WARN_EMPTY_BODY = YES;
				CLANG_WARN_ENUM_CONVERSION = YES;
				CLANG_WARN_INT_CONVERSION = YES;
				CLANG_WARN_OBJC_ROOT_CLASS = YES_ERROR;
				CLANG_WARN_UNREACHABLE_CODE = YES;
				CLANG_WARN__DUPLICATE_METHOD_MATCH = YES;
				"CODE_SIGN_IDENTITY[sdk=iphoneos*]" = "iPhone Developer";
				COPY_PHASE_STRIP = NO;
				DEBUG_INFORMATION_FORMAT = dwarf;
				ENABLE_STRICT_OBJC_MSGSEND = YES;
				ENABLE_TESTABILITY = YES;
				GCC_C_LANGUAGE_STANDARD = gnu99;
				GCC_DYNAMIC_NO_PIC = NO;
				GCC_NO_COMMON_BLOCKS = YES;
				GCC_OPTIMIZATION_LEVEL = 0;
				GCC_PREPROCESSOR_DEFINITIONS = (
					"DEBUG=1",
					"$(inherited)",
				);
				GCC_WARN_64_TO_32_BIT_CONVERSION = YES;
				GCC_WARN_ABOUT_RETURN_TYPE = YES_ERROR;
				GCC_WARN_UNDECLARED_SELECTOR = YES;
				GCC_WARN_UNINITIALIZED_AUTOS = YES_AGGRESSIVE;
				GCC_WARN_UNUSED_FUNCTION = YES;
				GCC_WARN_UNUSED_VARIABLE = YES;
				IPHONEOS_DEPLOYMENT_TARGET = 7.0;
				MTL_ENABLE_DEBUG_INFO = YES;
				ONLY_ACTIVE_ARCH = YES;
				SDKROOT = iphoneos;
			};
			name = Debug;
		};
		E8E4ADDC1D259FF3003C6FFF /* Release */ = {
			isa = XCBuildConfiguration;
			buildSettings = {
				ALWAYS_SEARCH_USER_PATHS = NO;
				CLANG_ANALYZER_NONNULL = YES;
				CLANG_CXX_LANGUAGE_STANDARD = "gnu++0x";
				CLANG_CXX_LIBRARY = "libc++";
				CLANG_ENABLE_MODULES = YES;
				CLANG_ENABLE_OBJC_ARC = YES;
				CLANG_WARN_BOOL_CONVERSION = YES;
				CLANG_WARN_CONSTANT_CONVERSION = YES;
				CLANG_WARN_DIRECT_OBJC_ISA_USAGE = YES_ERROR;
				CLANG_WARN_EMPTY_BODY = YES;
				CLANG_WARN_ENUM_CONVERSION = YES;
				CLANG_WARN_INT_CONVERSION = YES;
				CLANG_WARN_OBJC_ROOT_CLASS = YES_ERROR;
				CLANG_WARN_UNREACHABLE_CODE = YES;
				CLANG_WARN__DUPLICATE_METHOD_MATCH = YES;
				"CODE_SIGN_IDENTITY[sdk=iphoneos*]" = "iPhone Developer";
				COPY_PHASE_STRIP = NO;
				DEBUG_INFORMATION_FORMAT = "dwarf-with-dsym";
				ENABLE_NS_ASSERTIONS = NO;
				ENABLE_STRICT_OBJC_MSGSEND = YES;
				GCC_C_LANGUAGE_STANDARD = gnu99;
				GCC_NO_COMMON_BLOCKS = YES;
				GCC_WARN_64_TO_32_BIT_CONVERSION = YES;
				GCC_WARN_ABOUT_RETURN_TYPE = YES_ERROR;
				GCC_WARN_UNDECLARED_SELECTOR = YES;
				GCC_WARN_UNINITIALIZED_AUTOS = YES_AGGRESSIVE;
				GCC_WARN_UNUSED_FUNCTION = YES;
				GCC_WARN_UNUSED_VARIABLE = YES;
				IPHONEOS_DEPLOYMENT_TARGET = 7.0;
				MTL_ENABLE_DEBUG_INFO = NO;
				SDKROOT = iphoneos;
				VALIDATE_PRODUCT = YES;
			};
			name = Release;
		};
		E8E4ADDE1D259FF3003C6FFF /* Debug */ = {
			isa = XCBuildConfiguration;
			baseConfigurationReference = F6894BB5C6257A9B1B41089C /* Pods-WeatherForecast.debug.xcconfig */;
			buildSettings = {
				ASSETCATALOG_COMPILER_APPICON_NAME = AppIcon;
				CLANG_ENABLE_MODULES = YES;
				DEVELOPMENT_TEAM = D9K6M3C9CG;
				INFOPLIST_FILE = WeatherForecast/Info.plist;
				LD_RUNPATH_SEARCH_PATHS = "$(inherited) @executable_path/Frameworks";
				PRODUCT_BUNDLE_IDENTIFIER = com.hakki.n11.WeatherForecast;
				PRODUCT_NAME = "$(TARGET_NAME)";
				SWIFT_OBJC_BRIDGING_HEADER = "WeatherForecast/Models/WeatherForecast-Bridging-Header.h";
				SWIFT_OPTIMIZATION_LEVEL = "-Onone";
				SWIFT_VERSION = 5.0;
			};
			name = Debug;
		};
		E8E4ADDF1D259FF3003C6FFF /* Release */ = {
			isa = XCBuildConfiguration;
			baseConfigurationReference = 0A741A2AD6C9C9AE9980052D /* Pods-WeatherForecast.release.xcconfig */;
			buildSettings = {
				ASSETCATALOG_COMPILER_APPICON_NAME = AppIcon;
				CLANG_ENABLE_MODULES = YES;
				DEVELOPMENT_TEAM = D9K6M3C9CG;
				INFOPLIST_FILE = WeatherForecast/Info.plist;
				LD_RUNPATH_SEARCH_PATHS = "$(inherited) @executable_path/Frameworks";
				PRODUCT_BUNDLE_IDENTIFIER = com.hakki.n11.WeatherForecast;
				PRODUCT_NAME = "$(TARGET_NAME)";
				SWIFT_OBJC_BRIDGING_HEADER = "WeatherForecast/Models/WeatherForecast-Bridging-Header.h";
				SWIFT_VERSION = 5.0;
			};
			name = Release;
		};
/* End XCBuildConfiguration section */

/* Begin XCConfigurationList section */
		E8E4ADC11D259FF3003C6FFF /* Build configuration list for PBXProject "WeatherForecast" */ = {
			isa = XCConfigurationList;
			buildConfigurations = (
				E8E4ADDB1D259FF3003C6FFF /* Debug */,
				E8E4ADDC1D259FF3003C6FFF /* Release */,
			);
			defaultConfigurationIsVisible = 0;
			defaultConfigurationName = Release;
		};
		E8E4ADDD1D259FF3003C6FFF /* Build configuration list for PBXNativeTarget "WeatherForecast" */ = {
			isa = XCConfigurationList;
			buildConfigurations = (
				E8E4ADDE1D259FF3003C6FFF /* Debug */,
				E8E4ADDF1D259FF3003C6FFF /* Release */,
			);
			defaultConfigurationIsVisible = 0;
			defaultConfigurationName = Release;
		};
/* End XCConfigurationList section */
	};
	rootObject = E8E4ADBE1D259FF3003C6FFF /* Project object */;
}
